{
  "name": "zt-minicomonent",
  "version": "0.0.2",
  "lockfileVersion": 2,
  "requires": true,
  "packages": {
    "": {
      "name": "zt-minicomonent",
      "version": "0.0.2",
      "license": "ISC",
      "dependencies": {
        "zt-minicomonent": "^0.0.2"
      }
    },
    "node_modules/zt-minicomonent": {
      "version": "0.0.2",
      "resolved": "https://registry.npmjs.org/zt-minicomonent/-/zt-minicomonent-0.0.2.tgz",
      "integrity": "sha512-K50MdD5LAS3wyaNjbsvFFH0f97RJQhJ38lKoyfbvlDVHeI0f05bScKTxubVbOQ+4a9YLVBt8zI+qLqw+sv734w=="
    }
  },
  "dependencies": {
    "zt-minicomonent": {
      "version": "0.0.2",
      "resolved": "https://registry.npmjs.org/zt-minicomonent/-/zt-minicomonent-0.0.2.tgz",
      "integrity": "sha512-K50MdD5LAS3wyaNjbsvFFH0f97RJQhJ38lKoyfbvlDVHeI0f05bScKTxubVbOQ+4a9YLVBt8zI+qLqw+sv734w=="
    }
  }
}
